
Microsoft Visual Studio Solution File, Format Version 12.00
# Visual Studio Version 17
VisualStudioVersion = 17.9.34622.214
MinimumVisualStudioVersion = 10.0.40219.1
Project("{FAE04EC0-301F-11D3-BF4B-00C04F79EFBC}") = "stringunittesten", "stringunittesten\stringunittesten.csproj", "{E32D0DF9-8996-4675-8B6F-36B4A810690A}"
EndProject
Project("{FAE04EC0-301F-11D3-BF4B-00C04F79EFBC}") = "stringunittestenTests", "stringunittestenTests\stringunittestenTests.csproj", "{026932F9-4C0C-4076-A08B-2B9E13EBDCCD}"
EndProject
Project("{FAE04EC0-301F-11D3-BF4B-00C04F79EFBC}") = "ConsoleApp1", "ConsoleApp1\ConsoleApp1.csproj", "{80E007C8-7439-4773-9C8B-5D44B269219D}"
EndProject
Global
	GlobalSection(SolutionConfigurationPlatforms) = preSolution
		Debug|Any CPU = Debug|Any CPU
		Release|Any CPU = Release|Any CPU
	EndGlobalSection
	GlobalSection(ProjectConfigurationPlatforms) = postSolution
		{E32D0DF9-8996-4675-8B6F-36B4A810690A}.Debug|Any CPU.ActiveCfg = Debug|Any CPU
		{E32D0DF9-8996-4675-8B6F-36B4A810690A}.Debug|Any CPU.Build.0 = Debug|Any CPU
		{E32D0DF9-8996-4675-8B6F-36B4A810690A}.Release|Any CPU.ActiveCfg = Release|Any CPU
		{E32D0DF9-8996-4675-8B6F-36B4A810690A}.Release|Any CPU.Build.0 = Release|Any CPU
		{026932F9-4C0C-4076-A08B-2B9E13EBDCCD}.Debug|Any CPU.ActiveCfg = Debug|Any CPU
		{026932F9-4C0C-4076-A08B-2B9E13EBDCCD}.Debug|Any CPU.Build.0 = Debug|Any CPU
		{026932F9-4C0C-4076-A08B-2B9E13EBDCCD}.Release|Any CPU.ActiveCfg = Release|Any CPU
		{026932F9-4C0C-4076-A08B-2B9E13EBDCCD}.Release|Any CPU.Build.0 = Release|Any CPU
		{80E007C8-7439-4773-9C8B-5D44B269219D}.Debug|Any CPU.ActiveCfg = Debug|Any CPU
		{80E007C8-7439-4773-9C8B-5D44B269219D}.Debug|Any CPU.Build.0 = Debug|Any CPU
		{80E007C8-7439-4773-9C8B-5D44B269219D}.Release|Any CPU.ActiveCfg = Release|Any CPU
		{80E007C8-7439-4773-9C8B-5D44B269219D}.Release|Any CPU.Build.0 = Release|Any CPU
	EndGlobalSection
	GlobalSection(SolutionProperties) = preSolution
		HideSolutionNode = FALSE
	EndGlobalSection
	GlobalSection(ExtensibilityGlobals) = postSolution
		SolutionGuid = {B5C3B555-2845-4BFC-912A-112F40BFB62B}
	EndGlobalSection
EndGlobal
